// !$*UTF8*$!
{
	archiveVersion = 1;
	classes = {
	};
	objectVersion = 50;
	objects = {

/* Begin PBXBuildFile section */
		666ADB0C29E2C33E0198A15F /* Pods_TheAPIAwakensApp.framework in Frameworks */ = {isa = PBXBuildFile; fileRef = 47D22041ACB3BEBC8819A035 /* Pods_TheAPIAwakensApp.framework */; };
		9A129946231DE532007B1385 /* Species.swift in Sources */ = {isa = PBXBuildFile; fileRef = 9A129945231DE532007B1385 /* Species.swift */; };
		9A129948231DE554007B1385 /* SpeciesResult.swift in Sources */ = {isa = PBXBuildFile; fileRef = 9A129947231DE554007B1385 /* SpeciesResult.swift */; };
		9A12994A231DE57A007B1385 /* Designation.swift in Sources */ = {isa = PBXBuildFile; fileRef = 9A129949231DE57A007B1385 /* Designation.swift */; };
		9A12994C231DE596007B1385 /* Films.swift in Sources */ = {isa = PBXBuildFile; fileRef = 9A12994B231DE596007B1385 /* Films.swift */; };
		9A12994E231DE5B9007B1385 /* FilmsResult.swift in Sources */ = {isa = PBXBuildFile; fileRef = 9A12994D231DE5B9007B1385 /* FilmsResult.swift */; };
		9A129950231DE5D9007B1385 /* Planets.swift in Sources */ = {isa = PBXBuildFile; fileRef = 9A12994F231DE5D9007B1385 /* Planets.swift */; };
		9A6D1EE8231C7EFB0011748E /* AppDelegate.swift in Sources */ = {isa = PBXBuildFile; fileRef = 9A6D1EE7231C7EFB0011748E /* AppDelegate.swift */; };
		9A6D1EEA231C7EFB0011748E /* ViewController.swift in Sources */ = {isa = PBXBuildFile; fileRef = 9A6D1EE9231C7EFB0011748E /* ViewController.swift */; };
		9A6D1EED231C7EFB0011748E /* Main.storyboard in Resources */ = {isa = PBXBuildFile; fileRef = 9A6D1EEB231C7EFB0011748E /* Main.storyboard */; };
		9A6D1EEF231C7EFD0011748E /* Assets.xcassets in Resources */ = {isa = PBXBuildFile; fileRef = 9A6D1EEE231C7EFD0011748E /* Assets.xcassets */; };
		9A6D1EF2231C7EFD0011748E /* LaunchScreen.storyboard in Resources */ = {isa = PBXBuildFile; fileRef = 9A6D1EF0231C7EFD0011748E /* LaunchScreen.storyboard */; };
		9A6D1F03231C96CC0011748E /* PeopleViewController.swift in Sources */ = {isa = PBXBuildFile; fileRef = 9A6D1F02231C96CC0011748E /* PeopleViewController.swift */; };
		9A6D1F05231CB0800011748E /* Vehicles.swift in Sources */ = {isa = PBXBuildFile; fileRef = 9A6D1F04231CB0800011748E /* Vehicles.swift */; };
		9A6D1F07231CB2BD0011748E /* StarshipsResults.swift in Sources */ = {isa = PBXBuildFile; fileRef = 9A6D1F06231CB2BD0011748E /* StarshipsResults.swift */; };
		9A6D1F09231CB2E70011748E /* Characters.swift in Sources */ = {isa = PBXBuildFile; fileRef = 9A6D1F08231CB2E70011748E /* Characters.swift */; };
		9A6D1F0B231CB3150011748E /* CharactersResult.swift in Sources */ = {isa = PBXBuildFile; fileRef = 9A6D1F0A231CB3150011748E /* CharactersResult.swift */; };
		9A6D1F0D231CB32E0011748E /* Gender.swift in Sources */ = {isa = PBXBuildFile; fileRef = 9A6D1F0C231CB32E0011748E /* Gender.swift */; };
		9A6D1F0F231CB3450011748E /* JSONSchemaSupport.swift in Sources */ = {isa = PBXBuildFile; fileRef = 9A6D1F0E231CB3450011748E /* JSONSchemaSupport.swift */; };
		9AE2EEAF231F2279005719A2 /* VehiclesViewController.swift in Sources */ = {isa = PBXBuildFile; fileRef = 9AE2EEAE231F2279005719A2 /* VehiclesViewController.swift */; };
		9AE2EEB1231F2A2C005719A2 /* StarshipsViewController.swift in Sources */ = {isa = PBXBuildFile; fileRef = 9AE2EEB0231F2A2C005719A2 /* StarshipsViewController.swift */; };
/* End PBXBuildFile section */

/* Begin PBXFileReference section */
		47D22041ACB3BEBC8819A035 /* Pods_TheAPIAwakensApp.framework */ = {isa = PBXFileReference; explicitFileType = wrapper.framework; includeInIndex = 0; path = Pods_TheAPIAwakensApp.framework; sourceTree = BUILT_PRODUCTS_DIR; };
		6AEAAD9CFD11B6F8E81E07AC /* Pods-TheAPIAwakensApp.debug.xcconfig */ = {isa = PBXFileReference; includeInIndex = 1; lastKnownFileType = text.xcconfig; name = "Pods-TheAPIAwakensApp.debug.xcconfig"; path = "Pods/Target Support Files/Pods-TheAPIAwakensApp/Pods-TheAPIAwakensApp.debug.xcconfig"; sourceTree = "<group>"; };
		799C4E9690150BA5DA2D8124 /* Pods-TheAPIAwakensApp.release.xcconfig */ = {isa = PBXFileReference; includeInIndex = 1; lastKnownFileType = text.xcconfig; name = "Pods-TheAPIAwakensApp.release.xcconfig"; path = "Pods/Target Support Files/Pods-TheAPIAwakensApp/Pods-TheAPIAwakensApp.release.xcconfig"; sourceTree = "<group>"; };
		9A129945231DE532007B1385 /* Species.swift */ = {isa = PBXFileReference; lastKnownFileType = sourcecode.swift; path = Species.swift; sourceTree = "<group>"; };
		9A129947231DE554007B1385 /* SpeciesResult.swift */ = {isa = PBXFileReference; lastKnownFileType = sourcecode.swift; path = SpeciesResult.swift; sourceTree = "<group>"; };
		9A129949231DE57A007B1385 /* Designation.swift */ = {isa = PBXFileReference; lastKnownFileType = sourcecode.swift; path = Designation.swift; sourceTree = "<group>"; };
		9A12994B231DE596007B1385 /* Films.swift */ = {isa = PBXFileReference; lastKnownFileType = sourcecode.swift; path = Films.swift; sourceTree = "<group>"; };
		9A12994D231DE5B9007B1385 /* FilmsResult.swift */ = {isa = PBXFileReference; lastKnownFileType = sourcecode.swift; path = FilmsResult.swift; sourceTree = "<group>"; };
		9A12994F231DE5D9007B1385 /* Planets.swift */ = {isa = PBXFileReference; lastKnownFileType = sourcecode.swift; path = Planets.swift; sourceTree = "<group>"; };
		9A6D1EE4231C7EFB0011748E /* TheAPIAwakensApp.app */ = {isa = PBXFileReference; explicitFileType = wrapper.application; includeInIndex = 0; path = TheAPIAwakensApp.app; sourceTree = BUILT_PRODUCTS_DIR; };
		9A6D1EE7231C7EFB0011748E /* AppDelegate.swift */ = {isa = PBXFileReference; lastKnownFileType = sourcecode.swift; path = AppDelegate.swift; sourceTree = "<group>"; };
		9A6D1EE9231C7EFB0011748E /* ViewController.swift */ = {isa = PBXFileReference; lastKnownFileType = sourcecode.swift; path = ViewController.swift; sourceTree = "<group>"; };
		9A6D1EEC231C7EFB0011748E /* Base */ = {isa = PBXFileReference; lastKnownFileType = file.storyboard; name = Base; path = Base.lproj/Main.storyboard; sourceTree = "<group>"; };
		9A6D1EEE231C7EFD0011748E /* Assets.xcassets */ = {isa = PBXFileReference; lastKnownFileType = folder.assetcatalog; path = Assets.xcassets; sourceTree = "<group>"; };
		9A6D1EF1231C7EFD0011748E /* Base */ = {isa = PBXFileReference; lastKnownFileType = file.storyboard; name = Base; path = Base.lproj/LaunchScreen.storyboard; sourceTree = "<group>"; };
		9A6D1EF3231C7EFD0011748E /* Info.plist */ = {isa = PBXFileReference; lastKnownFileType = text.plist.xml; path = Info.plist; sourceTree = "<group>"; };
		9A6D1F02231C96CC0011748E /* PeopleViewController.swift */ = {isa = PBXFileReference; lastKnownFileType = sourcecode.swift; path = PeopleViewController.swift; sourceTree = "<group>"; };
		9A6D1F04231CB0800011748E /* Vehicles.swift */ = {isa = PBXFileReference; lastKnownFileType = sourcecode.swift; path = Vehicles.swift; sourceTree = "<group>"; };
		9A6D1F06231CB2BD0011748E /* StarshipsResults.swift */ = {isa = PBXFileReference; lastKnownFileType = sourcecode.swift; path = StarshipsResults.swift; sourceTree = "<group>"; };
		9A6D1F08231CB2E70011748E /* Characters.swift */ = {isa = PBXFileReference; lastKnownFileType = sourcecode.swift; path = Characters.swift; sourceTree = "<group>"; };
		9A6D1F0A231CB3150011748E /* CharactersResult.swift */ = {isa = PBXFileReference; lastKnownFileType = sourcecode.swift; path = CharactersResult.swift; sourceTree = "<group>"; };
		9A6D1F0C231CB32E0011748E /* Gender.swift */ = {isa = PBXFileReference; lastKnownFileType = sourcecode.swift; path = Gender.swift; sourceTree = "<group>"; };
		9A6D1F0E231CB3450011748E /* JSONSchemaSupport.swift */ = {isa = PBXFileReference; lastKnownFileType = sourcecode.swift; path = JSONSchemaSupport.swift; sourceTree = "<group>"; };
		9AE2EEAE231F2279005719A2 /* VehiclesViewController.swift */ = {isa = PBXFileReference; lastKnownFileType = sourcecode.swift; path = VehiclesViewController.swift; sourceTree = "<group>"; };
		9AE2EEB0231F2A2C005719A2 /* StarshipsViewController.swift */ = {isa = PBXFileReference; lastKnownFileType = sourcecode.swift; path = StarshipsViewController.swift; sourceTree = "<group>"; };
/* End PBXFileReference section */

/* Begin PBXFrameworksBuildPhase section */
		9A6D1EE1231C7EFB0011748E /* Frameworks */ = {
			isa = PBXFrameworksBuildPhase;
			buildActionMask = 2147483647;
			files = (
				666ADB0C29E2C33E0198A15F /* Pods_TheAPIAwakensApp.framework in Frameworks */,
			);
			runOnlyForDeploymentPostprocessing = 0;
		};
/* End PBXFrameworksBuildPhase section */

/* Begin PBXGroup section */
		8C452B3DA72E3F9392D5630A /* Frameworks */ = {
			isa = PBXGroup;
			children = (
				47D22041ACB3BEBC8819A035 /* Pods_TheAPIAwakensApp.framework */,
			);
			name = Frameworks;
			sourceTree = "<group>";
		};
		9A6D1EDB231C7EFB0011748E = {
			isa = PBXGroup;
			children = (
				9A6D1EE6231C7EFB0011748E /* TheAPIAwakensApp */,
				9A6D1EE5231C7EFB0011748E /* Products */,
				EFA8BE97CC7EBEDCE5871588 /* Pods */,
				8C452B3DA72E3F9392D5630A /* Frameworks */,
			);
			sourceTree = "<group>";
		};
		9A6D1EE5231C7EFB0011748E /* Products */ = {
			isa = PBXGroup;
			children = (
				9A6D1EE4231C7EFB0011748E /* TheAPIAwakensApp.app */,
			);
			name = Products;
			sourceTree = "<group>";
		};
		9A6D1EE6231C7EFB0011748E /* TheAPIAwakensApp */ = {
			isa = PBXGroup;
			children = (
				9A6D1EFF231C95270011748E /* Models */,
				9A6D1EE7231C7EFB0011748E /* AppDelegate.swift */,
				9A6D1EE9231C7EFB0011748E /* ViewController.swift */,
				9A6D1EEB231C7EFB0011748E /* Main.storyboard */,
				9A6D1EEE231C7EFD0011748E /* Assets.xcassets */,
				9A6D1EF0231C7EFD0011748E /* LaunchScreen.storyboard */,
				9A6D1EF3231C7EFD0011748E /* Info.plist */,
				9A6D1F02231C96CC0011748E /* PeopleViewController.swift */,
				9AE2EEAE231F2279005719A2 /* VehiclesViewController.swift */,
				9AE2EEB0231F2A2C005719A2 /* StarshipsViewController.swift */,
			);
			path = TheAPIAwakensApp;
			sourceTree = "<group>";
		};
		9A6D1EFF231C95270011748E /* Models */ = {
			isa = PBXGroup;
			children = (
				9A6D1F04231CB0800011748E /* Vehicles.swift */,
				9A6D1F06231CB2BD0011748E /* StarshipsResults.swift */,
				9A6D1F08231CB2E70011748E /* Characters.swift */,
				9A6D1F0A231CB3150011748E /* CharactersResult.swift */,
				9A6D1F0C231CB32E0011748E /* Gender.swift */,
				9A6D1F0E231CB3450011748E /* JSONSchemaSupport.swift */,
				9A129945231DE532007B1385 /* Species.swift */,
				9A129947231DE554007B1385 /* SpeciesResult.swift */,
				9A129949231DE57A007B1385 /* Designation.swift */,
				9A12994B231DE596007B1385 /* Films.swift */,
				9A12994D231DE5B9007B1385 /* FilmsResult.swift */,
				9A12994F231DE5D9007B1385 /* Planets.swift */,
			);
			path = Models;
			sourceTree = "<group>";
		};
		EFA8BE97CC7EBEDCE5871588 /* Pods */ = {
			isa = PBXGroup;
			children = (
				6AEAAD9CFD11B6F8E81E07AC /* Pods-TheAPIAwakensApp.debug.xcconfig */,
				799C4E9690150BA5DA2D8124 /* Pods-TheAPIAwakensApp.release.xcconfig */,
			);
			name = Pods;
			sourceTree = "<group>";
		};
/* End PBXGroup section */

/* Begin PBXNativeTarget section */
		9A6D1EE3231C7EFB0011748E /* TheAPIAwakensApp */ = {
			isa = PBXNativeTarget;
			buildConfigurationList = 9A6D1EF6231C7EFD0011748E /* Build configuration list for PBXNativeTarget "TheAPIAwakensApp" */;
			buildPhases = (
				521799BB4EA5EC2D9A849F01 /* [CP] Check Pods Manifest.lock */,
				9A6D1EE0231C7EFB0011748E /* Sources */,
				9A6D1EE1231C7EFB0011748E /* Frameworks */,
				9A6D1EE2231C7EFB0011748E /* Resources */,
				AC5092FF39B2482AEA0D2E7D /* [CP] Embed Pods Frameworks */,
			);
			buildRules = (
			);
			dependencies = (
			);
			name = TheAPIAwakensApp;
			productName = TheAPIAwakensApp;
			productReference = 9A6D1EE4231C7EFB0011748E /* TheAPIAwakensApp.app */;
			productType = "com.apple.product-type.application";
		};
/* End PBXNativeTarget section */

/* Begin PBXProject section */
		9A6D1EDC231C7EFB0011748E /* Project object */ = {
			isa = PBXProject;
			attributes = {
				LastSwiftUpdateCheck = 1030;
				LastUpgradeCheck = 1030;
				ORGANIZATIONNAME = "Dzmitry M";
				TargetAttributes = {
					9A6D1EE3231C7EFB0011748E = {
						CreatedOnToolsVersion = 10.3;
					};
				};
			};
			buildConfigurationList = 9A6D1EDF231C7EFB0011748E /* Build configuration list for PBXProject "TheAPIAwakensApp" */;
			compatibilityVersion = "Xcode 9.3";
			developmentRegion = en;
			hasScannedForEncodings = 0;
			knownRegions = (
				en,
				Base,
			);
			mainGroup = 9A6D1EDB231C7EFB0011748E;
			productRefGroup = 9A6D1EE5231C7EFB0011748E /* Products */;
			projectDirPath = "";
			projectRoot = "";
			targets = (
				9A6D1EE3231C7EFB0011748E /* TheAPIAwakensApp */,
			);
		};
/* End PBXProject section */

/* Begin PBXResourcesBuildPhase section */
		9A6D1EE2231C7EFB0011748E /* Resources */ = {
			isa = PBXResourcesBuildPhase;
			buildActionMask = 2147483647;
			files = (
				9A6D1EF2231C7EFD0011748E /* LaunchScreen.storyboard in Resources */,
				9A6D1EEF231C7EFD0011748E /* Assets.xcassets in Resources */,
				9A6D1EED231C7EFB0011748E /* Main.storyboard in Resources */,
			);
			runOnlyForDeploymentPostprocessing = 0;
		};
/* End PBXResourcesBuildPhase section */

/* Begin PBXShellScriptBuildPhase section */
		521799BB4EA5EC2D9A849F01 /* [CP] Check Pods Manifest.lock */ = {
			isa = PBXShellScriptBuildPhase;
			buildActionMask = 2147483647;
			files = (
			);
			inputFileListPaths = (
			);
			inputPaths = (
				"${PODS_PODFILE_DIR_PATH}/Podfile.lock",
				"${PODS_ROOT}/Manifest.lock",
			);
			name = "[CP] Check Pods Manifest.lock";
			outputFileListPaths = (
			);
			outputPaths = (
				"$(DERIVED_FILE_DIR)/Pods-TheAPIAwakensApp-checkManifestLockResult.txt",
			);
			runOnlyForDeploymentPostprocessing = 0;
			shellPath = /bin/sh;
			shellScript = "diff \"${PODS_PODFILE_DIR_PATH}/Podfile.lock\" \"${PODS_ROOT}/Manifest.lock\" > /dev/null\nif [ $? != 0 ] ; then\n    # print error to STDERR\n    echo \"error: The sandbox is not in sync with the Podfile.lock. Run 'pod install' or update your CocoaPods installation.\" >&2\n    exit 1\nfi\n# This output is used by Xcode 'outputs' to avoid re-running this script phase.\necho \"SUCCESS\" > \"${SCRIPT_OUTPUT_FILE_0}\"\n";
			showEnvVarsInLog = 0;
		};
		AC5092FF39B2482AEA0D2E7D /* [CP] Embed Pods Frameworks */ = {
			isa = PBXShellScriptBuildPhase;
			buildActionMask = 2147483647;
			files = (
			);
			inputFileListPaths = (
			);
			inputPaths = (
				"${SRCROOT}/Pods/Target Support Files/Pods-TheAPIAwakensApp/Pods-TheAPIAwakensApp-frameworks.sh",
				"${BUILT_PRODUCTS_DIR}/Alamofire/Alamofire.framework",
			);
			name = "[CP] Embed Pods Frameworks";
			outputFileListPaths = (
			);
			outputPaths = (
				"${TARGET_BUILD_DIR}/${FRAMEWORKS_FOLDER_PATH}/Alamofire.framework",
			);
			runOnlyForDeploymentPostprocessing = 0;
			shellPath = /bin/sh;
			shellScript = "\"${SRCROOT}/Pods/Target Support Files/Pods-TheAPIAwakensApp/Pods-TheAPIAwakensApp-frameworks.sh\"\n";
			showEnvVarsInLog = 0;
		};
/* End PBXShellScriptBuildPhase section */

/* Begin PBXSourcesBuildPhase section */
		9A6D1EE0231C7EFB0011748E /* Sources */ = {
			isa = PBXSourcesBuildPhase;
			buildActionMask = 2147483647;
			files = (
				9A129948231DE554007B1385 /* SpeciesResult.swift in Sources */,
				9A12994C231DE596007B1385 /* Films.swift in Sources */,
				9A6D1F0F231CB3450011748E /* JSONSchemaSupport.swift in Sources */,
				9A6D1F0B231CB3150011748E /* CharactersResult.swift in Sources */,
				9A12994E231DE5B9007B1385 /* FilmsResult.swift in Sources */,
				9A6D1F03231C96CC0011748E /* PeopleViewController.swift in Sources */,
				9A6D1F09231CB2E70011748E /* Characters.swift in Sources */,
				9A12994A231DE57A007B1385 /* Designation.swift in Sources */,
				9A6D1EEA231C7EFB0011748E /* ViewController.swift in Sources */,
				9AE2EEAF231F2279005719A2 /* VehiclesViewController.swift in Sources */,
				9AE2EEB1231F2A2C005719A2 /* StarshipsViewController.swift in Sources */,
				9A6D1F0D231CB32E0011748E /* Gender.swift in Sources */,
				9A6D1EE8231C7EFB0011748E /* AppDelegate.swift in Sources */,
				9A129950231DE5D9007B1385 /* Planets.swift in Sources */,
				9A6D1F05231CB0800011748E /* Vehicles.swift in Sources */,
				9A129946231DE532007B1385 /* Species.swift in Sources */,
				9A6D1F07231CB2BD0011748E /* StarshipsResults.swift in Sources */,
			);
			runOnlyForDeploymentPostprocessing = 0;
		};
/* End PBXSourcesBuildPhase section */

/* Begin PBXVariantGroup section */
		9A6D1EEB231C7EFB0011748E /* Main.storyboard */ = {
			isa = PBXVariantGroup;
			children = (
				9A6D1EEC231C7EFB0011748E /* Base */,
			);
			name = Main.storyboard;
			sourceTree = "<group>";
		};
		9A6D1EF0231C7EFD0011748E /* LaunchScreen.storyboard */ = {
			isa = PBXVariantGroup;
			children = (
				9A6D1EF1231C7EFD0011748E /* Base */,
			);
			name = LaunchScreen.storyboard;
			sourceTree = "<group>";
		};
/* End PBXVariantGroup section */

/* Begin XCBuildConfiguration section */
		9A6D1EF4231C7EFD0011748E /* Debug */ = {
			isa = XCBuildConfiguration;
			buildSettings = {
				ALWAYS_SEARCH_USER_PATHS = NO;
				CLANG_ANALYZER_NONNULL = YES;
				CLANG_ANALYZER_NUMBER_OBJECT_CONVERSION = YES_AGGRESSIVE;
				CLANG_CXX_LANGUAGE_STANDARD = "gnu++14";
				CLANG_CXX_LIBRARY = "libc++";
				CLANG_ENABLE_MODULES = YES;
				CLANG_ENABLE_OBJC_ARC = YES;
				CLANG_ENABLE_OBJC_WEAK = YES;
				CLANG_WARN_BLOCK_CAPTURE_AUTORELEASING = YES;
				CLANG_WARN_BOOL_CONVERSION = YES;
				CLANG_WARN_COMMA = YES;
				CLANG_WARN_CONSTANT_CONVERSION = YES;
				CLANG_WARN_DEPRECATED_OBJC_IMPLEMENTATIONS = YES;
				CLANG_WARN_DIRECT_OBJC_ISA_USAGE = YES_ERROR;
				CLANG_WARN_DOCUMENTATION_COMMENTS = YES;
				CLANG_WARN_EMPTY_BODY = YES;
				CLANG_WARN_ENUM_CONVERSION = YES;
				CLANG_WARN_INFINITE_RECURSION = YES;
				CLANG_WARN_INT_CONVERSION = YES;
				CLANG_WARN_NON_LITERAL_NULL_CONVERSION = YES;
				CLANG_WARN_OBJC_IMPLICIT_RETAIN_SELF = YES;
				CLANG_WARN_OBJC_LITERAL_CONVERSION = YES;
				CLANG_WARN_OBJC_ROOT_CLASS = YES_ERROR;
				CLANG_WARN_RANGE_LOOP_ANALYSIS = YES;
				CLANG_WARN_STRICT_PROTOTYPES = YES;
				CLANG_WARN_SUSPICIOUS_MOVE = YES;
				CLANG_WARN_UNGUARDED_AVAILABILITY = YES_AGGRESSIVE;
				CLANG_WARN_UNREACHABLE_CODE = YES;
				CLANG_WARN__DUPLICATE_METHOD_MATCH = YES;
				CODE_SIGN_IDENTITY = "iPhone Developer";
				COPY_PHASE_STRIP = NO;
				DEBUG_INFORMATION_FORMAT = dwarf;
				ENABLE_STRICT_OBJC_MSGSEND = YES;
				ENABLE_TESTABILITY = YES;
				GCC_C_LANGUAGE_STANDARD = gnu11;
				GCC_DYNAMIC_NO_PIC = NO;
				GCC_NO_COMMON_BLOCKS = YES;
				GCC_OPTIMIZATION_LEVEL = 0;
				GCC_PREPROCESSOR_DEFINITIONS = (
					"DEBUG=1",
					"$(inherited)",
				);
				GCC_WARN_64_TO_32_BIT_CONVERSION = YES;
				GCC_WARN_ABOUT_RETURN_TYPE = YES_ERROR;
				GCC_WARN_UNDECLARED_SELECTOR = YES;
				GCC_WARN_UNINITIALIZED_AUTOS = YES_AGGRESSIVE;
				GCC_WARN_UNUSED_FUNCTION = YES;
				GCC_WARN_UNUSED_VARIABLE = YES;
				IPHONEOS_DEPLOYMENT_TARGET = 12.4;
				MTL_ENABLE_DEBUG_INFO = INCLUDE_SOURCE;
				MTL_FAST_MATH = YES;
				ONLY_ACTIVE_ARCH = YES;
				SDKROOT = iphoneos;
				SWIFT_ACTIVE_COMPILATION_CONDITIONS = DEBUG;
				SWIFT_OPTIMIZATION_LEVEL = "-Onone";
			};
			name = Debug;
		};
		9A6D1EF5231C7EFD0011748E /* Release */ = {
			isa = XCBuildConfiguration;
			buildSettings = {
				ALWAYS_SEARCH_USER_PATHS = NO;
				CLANG_ANALYZER_NONNULL = YES;
				CLANG_ANALYZER_NUMBER_OBJECT_CONVERSION = YES_AGGRESSIVE;
				CLANG_CXX_LANGUAGE_STANDARD = "gnu++14";
				CLANG_CXX_LIBRARY = "libc++";
				CLANG_ENABLE_MODULES = YES;
				CLANG_ENABLE_OBJC_ARC = YES;
				CLANG_ENABLE_OBJC_WEAK = YES;
				CLANG_WARN_BLOCK_CAPTURE_AUTORELEASING = YES;
				CLANG_WARN_BOOL_CONVERSION = YES;
				CLANG_WARN_COMMA = YES;
				CLANG_WARN_CONSTANT_CONVERSION = YES;
				CLANG_WARN_DEPRECATED_OBJC_IMPLEMENTATIONS = YES;
				CLANG_WARN_DIRECT_OBJC_ISA_USAGE = YES_ERROR;
				CLANG_WARN_DOCUMENTATION_COMMENTS = YES;
				CLANG_WARN_EMPTY_BODY = YES;
				CLANG_WARN_ENUM_CONVERSION = YES;
				CLANG_WARN_INFINITE_RECURSION = YES;
				CLANG_WARN_INT_CONVERSION = YES;
				CLANG_WARN_NON_LITERAL_NULL_CONVERSION = YES;
				CLANG_WARN_OBJC_IMPLICIT_RETAIN_SELF = YES;
				CLANG_WARN_OBJC_LITERAL_CONVERSION = YES;
				CLANG_WARN_OBJC_ROOT_CLASS = YES_ERROR;
				CLANG_WARN_RANGE_LOOP_ANALYSIS = YES;
				CLANG_WARN_STRICT_PROTOTYPES = YES;
				CLANG_WARN_SUSPICIOUS_MOVE = YES;
				CLANG_WARN_UNGUARDED_AVAILABILITY = YES_AGGRESSIVE;
				CLANG_WARN_UNREACHABLE_CODE = YES;
				CLANG_WARN__DUPLICATE_METHOD_MATCH = YES;
				CODE_SIGN_IDENTITY = "iPhone Developer";
				COPY_PHASE_STRIP = NO;
				DEBUG_INFORMATION_FORMAT = "dwarf-with-dsym";
				ENABLE_NS_ASSERTIONS = NO;
				ENABLE_STRICT_OBJC_MSGSEND = YES;
				GCC_C_LANGUAGE_STANDARD = gnu11;
				GCC_NO_COMMON_BLOCKS = YES;
				GCC_WARN_64_TO_32_BIT_CONVERSION = YES;
				GCC_WARN_ABOUT_RETURN_TYPE = YES_ERROR;
				GCC_WARN_UNDECLARED_SELECTOR = YES;
				GCC_WARN_UNINITIALIZED_AUTOS = YES_AGGRESSIVE;
				GCC_WARN_UNUSED_FUNCTION = YES;
				GCC_WARN_UNUSED_VARIABLE = YES;
				IPHONEOS_DEPLOYMENT_TARGET = 12.4;
				MTL_ENABLE_DEBUG_INFO = NO;
				MTL_FAST_MATH = YES;
				SDKROOT = iphoneos;
				SWIFT_COMPILATION_MODE = wholemodule;
				SWIFT_OPTIMIZATION_LEVEL = "-O";
				VALIDATE_PRODUCT = YES;
			};
			name = Release;
		};
		9A6D1EF7231C7EFD0011748E /* Debug */ = {
			isa = XCBuildConfiguration;
			baseConfigurationReference = 6AEAAD9CFD11B6F8E81E07AC /* Pods-TheAPIAwakensApp.debug.xcconfig */;
			buildSettings = {
				ASSETCATALOG_COMPILER_APPICON_NAME = AppIcon;
				CODE_SIGN_STYLE = Automatic;
				DEVELOPMENT_TEAM = 4US5LL8AXX;
				INFOPLIST_FILE = TheAPIAwakensApp/Info.plist;
				LD_RUNPATH_SEARCH_PATHS = (
					"$(inherited)",
					"@executable_path/Frameworks",
				);
				PRODUCT_BUNDLE_IDENTIFIER = dzmitry.m.TheAPIAwakensApp;
				PRODUCT_NAME = "$(TARGET_NAME)";
				SWIFT_VERSION = 5.0;
				TARGETED_DEVICE_FAMILY = "1,2";
			};
			name = Debug;
		};
		9A6D1EF8231C7EFD0011748E /* Release */ = {
			isa = XCBuildConfiguration;
			baseConfigurationReference = 799C4E9690150BA5DA2D8124 /* Pods-TheAPIAwakensApp.release.xcconfig */;
			buildSettings = {
				ASSETCATALOG_COMPILER_APPICON_NAME = AppIcon;
				CODE_SIGN_STYLE = Automatic;
				DEVELOPMENT_TEAM = 4US5LL8AXX;
				INFOPLIST_FILE = TheAPIAwakensApp/Info.plist;
				LD_RUNPATH_SEARCH_PATHS = (
					"$(inherited)",
					"@executable_path/Frameworks",
				);
				PRODUCT_BUNDLE_IDENTIFIER = dzmitry.m.TheAPIAwakensApp;
				PRODUCT_NAME = "$(TARGET_NAME)";
				SWIFT_VERSION = 5.0;
				TARGETED_DEVICE_FAMILY = "1,2";
			};
			name = Release;
		};
/* End XCBuildConfiguration section */

/* Begin XCConfigurationList section */
		9A6D1EDF231C7EFB0011748E /* Build configuration list for PBXProject "TheAPIAwakensApp" */ = {
			isa = XCConfigurationList;
			buildConfigurations = (
				9A6D1EF4231C7EFD0011748E /* Debug */,
				9A6D1EF5231C7EFD0011748E /* Release */,
			);
			defaultConfigurationIsVisible = 0;
			defaultConfigurationName = Release;
		};
		9A6D1EF6231C7EFD0011748E /* Build configuration list for PBXNativeTarget "TheAPIAwakensApp" */ = {
			isa = XCConfigurationList;
			buildConfigurations = (
				9A6D1EF7231C7EFD0011748E /* Debug */,
				9A6D1EF8231C7EFD0011748E /* Release */,
			);
			defaultConfigurationIsVisible = 0;
			defaultConfigurationName = Release;
		};
/* End XCConfigurationList section */
	};
	rootObject = 9A6D1EDC231C7EFB0011748E /* Project object */;
}
